
Microsoft Visual Studio Solution File, Format Version 12.00
# Visual Studio Version 17
VisualStudioVersion = 17.13.35825.156 d17.13
MinimumVisualStudioVersion = 10.0.40219.1
Project("{FAE04EC0-301F-11D3-BF4B-00C04F79EFBC}") = "SomeRandomBenchmark", "SomeRandomBenchmark\SomeRandomBenchmark.csproj", "{83E94B54-B53D-4ED5-BD6B-2CB968F41908}"
EndProject
Global
	GlobalSection(SolutionConfigurationPlatforms) = preSolution
		Debug|Any CPU = Debug|Any CPU
		Release|Any CPU = Release|Any CPU
	EndGlobalSection
	GlobalSection(ProjectConfigurationPlatforms) = postSolution
		{83E94B54-B53D-4ED5-BD6B-2CB968F41908}.Debug|Any CPU.ActiveCfg = Debug|Any CPU
		{83E94B54-B53D-4ED5-BD6B-2CB968F41908}.Debug|Any CPU.Build.0 = Debug|Any CPU
		{83E94B54-B53D-4ED5-BD6B-2CB968F41908}.Release|Any CPU.ActiveCfg = Release|Any CPU
		{83E94B54-B53D-4ED5-BD6B-2CB968F41908}.Release|Any CPU.Build.0 = Release|Any CPU
	EndGlobalSection
	GlobalSection(SolutionProperties) = preSolution
		HideSolutionNode = FALSE
	EndGlobalSection
	GlobalSection(ExtensibilityGlobals) = postSolution
		SolutionGuid = {D8EBE81A-4417-4200-9F95-9C3E16E5947D}
	EndGlobalSection
EndGlobal
